
Microsoft Visual Studio Solution File, Format Version 12.00
Project("{FAE04EC0-301F-11D3-BF4B-00C04F79EFBC}") = "StudySignalR", "StudySignalR\StudySignalR.csproj", "{501C069D-AE7C-40D1-ABCB-79FA2D8C7591}"
EndProject
Project("{FAE04EC0-301F-11D3-BF4B-00C04F79EFBC}") = "StudySignalR.ConsoleApp", "StudySignalR.ConsoleApp\StudySignalR.ConsoleApp.csproj", "{114921BE-87E8-460D-9840-CAD89355176E}"
EndProject
Global
	GlobalSection(SolutionConfigurationPlatforms) = preSolution
		Debug|Any CPU = Debug|Any CPU
		Release|Any CPU = Release|Any CPU
	EndGlobalSection
	GlobalSection(ProjectConfigurationPlatforms) = postSolution
		{501C069D-AE7C-40D1-ABCB-79FA2D8C7591}.Debug|Any CPU.ActiveCfg = Debug|Any CPU
		{501C069D-AE7C-40D1-ABCB-79FA2D8C7591}.Debug|Any CPU.Build.0 = Debug|Any CPU
		{501C069D-AE7C-40D1-ABCB-79FA2D8C7591}.Release|Any CPU.ActiveCfg = Release|Any CPU
		{501C069D-AE7C-40D1-ABCB-79FA2D8C7591}.Release|Any CPU.Build.0 = Release|Any CPU
		{114921BE-87E8-460D-9840-CAD89355176E}.Debug|Any CPU.ActiveCfg = Debug|Any CPU
		{114921BE-87E8-460D-9840-CAD89355176E}.Debug|Any CPU.Build.0 = Debug|Any CPU
		{114921BE-87E8-460D-9840-CAD89355176E}.Release|Any CPU.ActiveCfg = Release|Any CPU
		{114921BE-87E8-460D-9840-CAD89355176E}.Release|Any CPU.Build.0 = Release|Any CPU
	EndGlobalSection
EndGlobal
